
Microsoft Visual Studio Solution File, Format Version 12.00
# Visual Studio 2013
VisualStudioVersion = 12.0.21005.1
MinimumVisualStudioVersion = 10.0.40219.1
Project("{FAE04EC0-301F-11D3-BF4B-00C04F79EFBC}") = "WavesSimulator", "WavesSimulator\WavesSimulator.csproj", "{6E9D914C-7BFC-42A3-8819-C570BF4EAC60}"
EndProject
Project("{FAE04EC0-301F-11D3-BF4B-00C04F79EFBC}") = "EngineCore", "GraphicsCore\EngineCore.csproj", "{9C9B95AB-22F1-4788-9420-C71E9DCED35E}"
EndProject
Global
	GlobalSection(SolutionConfigurationPlatforms) = preSolution
		Debug|Any CPU = Debug|Any CPU
		Release|Any CPU = Release|Any CPU
	EndGlobalSection
	GlobalSection(ProjectConfigurationPlatforms) = postSolution
		{6E9D914C-7BFC-42A3-8819-C570BF4EAC60}.Debug|Any CPU.ActiveCfg = Debug|Any CPU
		{6E9D914C-7BFC-42A3-8819-C570BF4EAC60}.Debug|Any CPU.Build.0 = Debug|Any CPU
		{6E9D914C-7BFC-42A3-8819-C570BF4EAC60}.Release|Any CPU.ActiveCfg = Release|Any CPU
		{6E9D914C-7BFC-42A3-8819-C570BF4EAC60}.Release|Any CPU.Build.0 = Release|Any CPU
		{9C9B95AB-22F1-4788-9420-C71E9DCED35E}.Debug|Any CPU.ActiveCfg = Debug|Any CPU
		{9C9B95AB-22F1-4788-9420-C71E9DCED35E}.Debug|Any CPU.Build.0 = Debug|Any CPU
		{9C9B95AB-22F1-4788-9420-C71E9DCED35E}.Release|Any CPU.ActiveCfg = Release|Any CPU
		{9C9B95AB-22F1-4788-9420-C71E9DCED35E}.Release|Any CPU.Build.0 = Release|Any CPU
	EndGlobalSection
	GlobalSection(SolutionProperties) = preSolution
		HideSolutionNode = FALSE
	EndGlobalSection
EndGlobal
